// !$*UTF8*$!
{
	archiveVersion = 1;
	classes = {
	};
	objectVersion = 46;
	objects = {

/* Begin PBXBuildFile section */
		A328F5891AA5660C00ECA9BD /* AppDelegate.swift in Sources */ = {isa = PBXBuildFile; fileRef = A328F5881AA5660C00ECA9BD /* AppDelegate.swift */; };
		A328F58B1AA5660C00ECA9BD /* ViewController.swift in Sources */ = {isa = PBXBuildFile; fileRef = A328F58A1AA5660C00ECA9BD /* ViewController.swift */; };
		A328F58E1AA5660C00ECA9BD /* Main.storyboard in Resources */ = {isa = PBXBuildFile; fileRef = A328F58C1AA5660C00ECA9BD /* Main.storyboard */; };
		A328F5901AA5660C00ECA9BD /* Images.xcassets in Resources */ = {isa = PBXBuildFile; fileRef = A328F58F1AA5660C00ECA9BD /* Images.xcassets */; };
		A328F5931AA5660C00ECA9BD /* LaunchScreen.xib in Resources */ = {isa = PBXBuildFile; fileRef = A328F5911AA5660C00ECA9BD /* LaunchScreen.xib */; };
		A328F59F1AA5660D00ECA9BD /* Cat_YearsTests.swift in Sources */ = {isa = PBXBuildFile; fileRef = A328F59E1AA5660D00ECA9BD /* Cat_YearsTests.swift */; };
		A328F5A91AA567CC00ECA9BD /* th.jpg in Resources */ = {isa = PBXBuildFile; fileRef = A328F5A81AA567CC00ECA9BD /* th.jpg */; };
/* End PBXBuildFile section */

/* Begin PBXContainerItemProxy section */
		A328F5991AA5660D00ECA9BD /* PBXContainerItemProxy */ = {
			isa = PBXContainerItemProxy;
			containerPortal = A328F57B1AA5660C00ECA9BD /* Project object */;
			proxyType = 1;
			remoteGlobalIDString = A328F5821AA5660C00ECA9BD;
			remoteInfo = "Cat Years";
		};
/* End PBXContainerItemProxy section */

/* Begin PBXFileReference section */
		A328F5831AA5660C00ECA9BD /* Cat Years.app */ = {isa = PBXFileReference; explicitFileType = wrapper.application; includeInIndex = 0; path = "Cat Years.app"; sourceTree = BUILT_PRODUCTS_DIR; };
		A328F5871AA5660C00ECA9BD /* Info.plist */ = {isa = PBXFileReference; lastKnownFileType = text.plist.xml; path = Info.plist; sourceTree = "<group>"; };
		A328F5881AA5660C00ECA9BD /* AppDelegate.swift */ = {isa = PBXFileReference; lastKnownFileType = sourcecode.swift; path = AppDelegate.swift; sourceTree = "<group>"; };
		A328F58A1AA5660C00ECA9BD /* ViewController.swift */ = {isa = PBXFileReference; lastKnownFileType = sourcecode.swift; path = ViewController.swift; sourceTree = "<group>"; };
		A328F58D1AA5660C00ECA9BD /* Base */ = {isa = PBXFileReference; lastKnownFileType = file.storyboard; name = Base; path = Base.lproj/Main.storyboard; sourceTree = "<group>"; };
		A328F58F1AA5660C00ECA9BD /* Images.xcassets */ = {isa = PBXFileReference; lastKnownFileType = folder.assetcatalog; path = Images.xcassets; sourceTree = "<group>"; };
		A328F5921AA5660C00ECA9BD /* Base */ = {isa = PBXFileReference; lastKnownFileType = file.xib; name = Base; path = Base.lproj/LaunchScreen.xib; sourceTree = "<group>"; };
		A328F5981AA5660D00ECA9BD /* Cat YearsTests.xctest */ = {isa = PBXFileReference; explicitFileType = wrapper.cfbundle; includeInIndex = 0; path = "Cat YearsTests.xctest"; sourceTree = BUILT_PRODUCTS_DIR; };
		A328F59D1AA5660D00ECA9BD /* Info.plist */ = {isa = PBXFileReference; lastKnownFileType = text.plist.xml; path = Info.plist; sourceTree = "<group>"; };
		A328F59E1AA5660D00ECA9BD /* Cat_YearsTests.swift */ = {isa = PBXFileReference; lastKnownFileType = sourcecode.swift; path = Cat_YearsTests.swift; sourceTree = "<group>"; };
		A328F5A81AA567CC00ECA9BD /* th.jpg */ = {isa = PBXFileReference; lastKnownFileType = image.jpeg; path = th.jpg; sourceTree = "<group>"; };
/* End PBXFileReference section */

/* Begin PBXFrameworksBuildPhase section */
		A328F5801AA5660C00ECA9BD /* Frameworks */ = {
			isa = PBXFrameworksBuildPhase;
			buildActionMask = 2147483647;
			files = (
			);
			runOnlyForDeploymentPostprocessing = 0;
		};
		A328F5951AA5660D00ECA9BD /* Frameworks */ = {
			isa = PBXFrameworksBuildPhase;
			buildActionMask = 2147483647;
			files = (
			);
			runOnlyForDeploymentPostprocessing = 0;
		};
/* End PBXFrameworksBuildPhase section */

/* Begin PBXGroup section */
		A328F57A1AA5660C00ECA9BD = {
			isa = PBXGroup;
			children = (
				A328F5851AA5660C00ECA9BD /* Cat Years */,
				A328F59B1AA5660D00ECA9BD /* Cat YearsTests */,
				A328F5841AA5660C00ECA9BD /* Products */,
			);
			sourceTree = "<group>";
		};
		A328F5841AA5660C00ECA9BD /* Products */ = {
			isa = PBXGroup;
			children = (
				A328F5831AA5660C00ECA9BD /* Cat Years.app */,
				A328F5981AA5660D00ECA9BD /* Cat YearsTests.xctest */,
			);
			name = Products;
			sourceTree = "<group>";
		};
		A328F5851AA5660C00ECA9BD /* Cat Years */ = {
			isa = PBXGroup;
			children = (
				A328F5881AA5660C00ECA9BD /* AppDelegate.swift */,
				A328F58A1AA5660C00ECA9BD /* ViewController.swift */,
				A328F58C1AA5660C00ECA9BD /* Main.storyboard */,
				A328F5A81AA567CC00ECA9BD /* th.jpg */,
				A328F58F1AA5660C00ECA9BD /* Images.xcassets */,
				A328F5911AA5660C00ECA9BD /* LaunchScreen.xib */,
				A328F5861AA5660C00ECA9BD /* Supporting Files */,
			);
			path = "Cat Years";
			sourceTree = "<group>";
		};
		A328F5861AA5660C00ECA9BD /* Supporting Files */ = {
			isa = PBXGroup;
			children = (
				A328F5871AA5660C00ECA9BD /* Info.plist */,
			);
			name = "Supporting Files";
			sourceTree = "<group>";
		};
		A328F59B1AA5660D00ECA9BD /* Cat YearsTests */ = {
			isa = PBXGroup;
			children = (
				A328F59E1AA5660D00ECA9BD /* Cat_YearsTests.swift */,
				A328F59C1AA5660D00ECA9BD /* Supporting Files */,
			);
			path = "Cat YearsTests";
			sourceTree = "<group>";
		};
		A328F59C1AA5660D00ECA9BD /* Supporting Files */ = {
			isa = PBXGroup;
			children = (
				A328F59D1AA5660D00ECA9BD /* Info.plist */,
			);
			name = "Supporting Files";
			sourceTree = "<group>";
		};
/* End PBXGroup section */

/* Begin PBXNativeTarget section */
		A328F5821AA5660C00ECA9BD /* Cat Years */ = {
			isa = PBXNativeTarget;
			buildConfigurationList = A328F5A21AA5660D00ECA9BD /* Build configuration list for PBXNativeTarget "Cat Years" */;
			buildPhases = (
				A328F57F1AA5660C00ECA9BD /* Sources */,
				A328F5801AA5660C00ECA9BD /* Frameworks */,
				A328F5811AA5660C00ECA9BD /* Resources */,
			);
			buildRules = (
			);
			dependencies = (
			);
			name = "Cat Years";
			productName = "Cat Years";
			productReference = A328F5831AA5660C00ECA9BD /* Cat Years.app */;
			productType = "com.apple.product-type.application";
		};
		A328F5971AA5660D00ECA9BD /* Cat YearsTests */ = {
			isa = PBXNativeTarget;
			buildConfigurationList = A328F5A51AA5660D00ECA9BD /* Build configuration list for PBXNativeTarget "Cat YearsTests" */;
			buildPhases = (
				A328F5941AA5660D00ECA9BD /* Sources */,
				A328F5951AA5660D00ECA9BD /* Frameworks */,
				A328F5961AA5660D00ECA9BD /* Resources */,
			);
			buildRules = (
			);
			dependencies = (
				A328F59A1AA5660D00ECA9BD /* PBXTargetDependency */,
			);
			name = "Cat YearsTests";
			productName = "Cat YearsTests";
			productReference = A328F5981AA5660D00ECA9BD /* Cat YearsTests.xctest */;
			productType = "com.apple.product-type.bundle.unit-test";
		};
/* End PBXNativeTarget section */

/* Begin PBXProject section */
		A328F57B1AA5660C00ECA9BD /* Project object */ = {
			isa = PBXProject;
			attributes = {
				LastUpgradeCheck = 0610;
				ORGANIZATIONNAME = GWM;
				TargetAttributes = {
					A328F5821AA5660C00ECA9BD = {
						CreatedOnToolsVersion = 6.1.1;
					};
					A328F5971AA5660D00ECA9BD = {
						CreatedOnToolsVersion = 6.1.1;
						TestTargetID = A328F5821AA5660C00ECA9BD;
					};
				};
			};
			buildConfigurationList = A328F57E1AA5660C00ECA9BD /* Build configuration list for PBXProject "Cat Years" */;
			compatibilityVersion = "Xcode 3.2";
			developmentRegion = English;
			hasScannedForEncodings = 0;
			knownRegions = (
				en,
				Base,
			);
			mainGroup = A328F57A1AA5660C00ECA9BD;
			productRefGroup = A328F5841AA5660C00ECA9BD /* Products */;
			projectDirPath = "";
			projectRoot = "";
			targets = (
				A328F5821AA5660C00ECA9BD /* Cat Years */,
				A328F5971AA5660D00ECA9BD /* Cat YearsTests */,
			);
		};
/* End PBXProject section */

/* Begin PBXResourcesBuildPhase section */
		A328F5811AA5660C00ECA9BD /* Resources */ = {
			isa = PBXResourcesBuildPhase;
			buildActionMask = 2147483647;
			files = (
				A328F58E1AA5660C00ECA9BD /* Main.storyboard in Resources */,
				A328F5A91AA567CC00ECA9BD /* th.jpg in Resources */,
				A328F5931AA5660C00ECA9BD /* LaunchScreen.xib in Resources */,
				A328F5901AA5660C00ECA9BD /* Images.xcassets in Resources */,
			);
			runOnlyForDeploymentPostprocessing = 0;
		};
		A328F5961AA5660D00ECA9BD /* Resources */ = {
			isa = PBXResourcesBuildPhase;
			buildActionMask = 2147483647;
			files = (
			);
			runOnlyForDeploymentPostprocessing = 0;
		};
/* End PBXResourcesBuildPhase section */

/* Begin PBXSourcesBuildPhase section */
		A328F57F1AA5660C00ECA9BD /* Sources */ = {
			isa = PBXSourcesBuildPhase;
			buildActionMask = 2147483647;
			files = (
				A328F58B1AA5660C00ECA9BD /* ViewController.swift in Sources */,
				A328F5891AA5660C00ECA9BD /* AppDelegate.swift in Sources */,
			);
			runOnlyForDeploymentPostprocessing = 0;
		};
		A328F5941AA5660D00ECA9BD /* Sources */ = {
			isa = PBXSourcesBuildPhase;
			buildActionMask = 2147483647;
			files = (
				A328F59F1AA5660D00ECA9BD /* Cat_YearsTests.swift in Sources */,
			);
			runOnlyForDeploymentPostprocessing = 0;
		};
/* End PBXSourcesBuildPhase section */

/* Begin PBXTargetDependency section */
		A328F59A1AA5660D00ECA9BD /* PBXTargetDependency */ = {
			isa = PBXTargetDependency;
			target = A328F5821AA5660C00ECA9BD /* Cat Years */;
			targetProxy = A328F5991AA5660D00ECA9BD /* PBXContainerItemProxy */;
		};
/* End PBXTargetDependency section */

/* Begin PBXVariantGroup section */
		A328F58C1AA5660C00ECA9BD /* Main.storyboard */ = {
			isa = PBXVariantGroup;
			children = (
				A328F58D1AA5660C00ECA9BD /* Base */,
			);
			name = Main.storyboard;
			sourceTree = "<group>";
		};
		A328F5911AA5660C00ECA9BD /* LaunchScreen.xib */ = {
			isa = PBXVariantGroup;
			children = (
				A328F5921AA5660C00ECA9BD /* Base */,
			);
			name = LaunchScreen.xib;
			sourceTree = "<group>";
		};
/* End PBXVariantGroup section */

/* Begin XCBuildConfiguration section */
		A328F5A01AA5660D00ECA9BD /* Debug */ = {
			isa = XCBuildConfiguration;
			buildSettings = {
				ALWAYS_SEARCH_USER_PATHS = NO;
				CLANG_CXX_LANGUAGE_STANDARD = "gnu++0x";
				CLANG_CXX_LIBRARY = "libc++";
				CLANG_ENABLE_MODULES = YES;
				CLANG_ENABLE_OBJC_ARC = YES;
				CLANG_WARN_BOOL_CONVERSION = YES;
				CLANG_WARN_CONSTANT_CONVERSION = YES;
				CLANG_WARN_DIRECT_OBJC_ISA_USAGE = YES_ERROR;
				CLANG_WARN_EMPTY_BODY = YES;
				CLANG_WARN_ENUM_CONVERSION = YES;
				CLANG_WARN_INT_CONVERSION = YES;
				CLANG_WARN_OBJC_ROOT_CLASS = YES_ERROR;
				CLANG_WARN_UNREACHABLE_CODE = YES;
				CLANG_WARN__DUPLICATE_METHOD_MATCH = YES;
				"CODE_SIGN_IDENTITY[sdk=iphoneos*]" = "iPhone Developer";
				COPY_PHASE_STRIP = NO;
				ENABLE_STRICT_OBJC_MSGSEND = YES;
				GCC_C_LANGUAGE_STANDARD = gnu99;
				GCC_DYNAMIC_NO_PIC = NO;
				GCC_OPTIMIZATION_LEVEL = 0;
				GCC_PREPROCESSOR_DEFINITIONS = (
					"DEBUG=1",
					"$(inherited)",
				);
				GCC_SYMBOLS_PRIVATE_EXTERN = NO;
				GCC_WARN_64_TO_32_BIT_CONVERSION = YES;
				GCC_WARN_ABOUT_RETURN_TYPE = YES_ERROR;
				GCC_WARN_UNDECLARED_SELECTOR = YES;
				GCC_WARN_UNINITIALIZED_AUTOS = YES_AGGRESSIVE;
				GCC_WARN_UNUSED_FUNCTION = YES;
				GCC_WARN_UNUSED_VARIABLE = YES;
				IPHONEOS_DEPLOYMENT_TARGET = 8.1;
				MTL_ENABLE_DEBUG_INFO = YES;
				ONLY_ACTIVE_ARCH = YES;
				SDKROOT = iphoneos;
				SWIFT_OPTIMIZATION_LEVEL = "-Onone";
			};
			name = Debug;
		};
		A328F5A11AA5660D00ECA9BD /* Release */ = {
			isa = XCBuildConfiguration;
			buildSettings = {
				ALWAYS_SEARCH_USER_PATHS = NO;
				CLANG_CXX_LANGUAGE_STANDARD = "gnu++0x";
				CLANG_CXX_LIBRARY = "libc++";
				CLANG_ENABLE_MODULES = YES;
				CLANG_ENABLE_OBJC_ARC = YES;
				CLANG_WARN_BOOL_CONVERSION = YES;
				CLANG_WARN_CONSTANT_CONVERSION = YES;
				CLANG_WARN_DIRECT_OBJC_ISA_USAGE = YES_ERROR;
				CLANG_WARN_EMPTY_BODY = YES;
				CLANG_WARN_ENUM_CONVERSION = YES;
				CLANG_WARN_INT_CONVERSION = YES;
				CLANG_WARN_OBJC_ROOT_CLASS = YES_ERROR;
				CLANG_WARN_UNREACHABLE_CODE = YES;
				CLANG_WARN__DUPLICATE_METHOD_MATCH = YES;
				"CODE_SIGN_IDENTITY[sdk=iphoneos*]" = "iPhone Developer";
				COPY_PHASE_STRIP = YES;
				ENABLE_NS_ASSERTIONS = NO;
				ENABLE_STRICT_OBJC_MSGSEND = YES;
				GCC_C_LANGUAGE_STANDARD = gnu99;
				GCC_WARN_64_TO_32_BIT_CONVERSION = YES;
				GCC_WARN_ABOUT_RETURN_TYPE = YES_ERROR;
				GCC_WARN_UNDECLARED_SELECTOR = YES;
				GCC_WARN_UNINITIALIZED_AUTOS = YES_AGGRESSIVE;
				GCC_WARN_UNUSED_FUNCTION = YES;
				GCC_WARN_UNUSED_VARIABLE = YES;
				IPHONEOS_DEPLOYMENT_TARGET = 8.1;
				MTL_ENABLE_DEBUG_INFO = NO;
				SDKROOT = iphoneos;
				VALIDATE_PRODUCT = YES;
			};
			name = Release;
		};
		A328F5A31AA5660D00ECA9BD /* Debug */ = {
			isa = XCBuildConfiguration;
			buildSettings = {
				ASSETCATALOG_COMPILER_APPICON_NAME = AppIcon;
				INFOPLIST_FILE = "Cat Years/Info.plist";
				LD_RUNPATH_SEARCH_PATHS = "$(inherited) @executable_path/Frameworks";
				PRODUCT_NAME = "$(TARGET_NAME)";
			};
			name = Debug;
		};
		A328F5A41AA5660D00ECA9BD /* Release */ = {
			isa = XCBuildConfiguration;
			buildSettings = {
				ASSETCATALOG_COMPILER_APPICON_NAME = AppIcon;
				INFOPLIST_FILE = "Cat Years/Info.plist";
				LD_RUNPATH_SEARCH_PATHS = "$(inherited) @executable_path/Frameworks";
				PRODUCT_NAME = "$(TARGET_NAME)";
			};
			name = Release;
		};
		A328F5A61AA5660D00ECA9BD /* Debug */ = {
			isa = XCBuildConfiguration;
			buildSettings = {
				BUNDLE_LOADER = "$(TEST_HOST)";
				FRAMEWORK_SEARCH_PATHS = (
					"$(SDKROOT)/Developer/Library/Frameworks",
					"$(inherited)",
				);
				GCC_PREPROCESSOR_DEFINITIONS = (
					"DEBUG=1",
					"$(inherited)",
				);
				INFOPLIST_FILE = "Cat YearsTests/Info.plist";
				LD_RUNPATH_SEARCH_PATHS = "$(inherited) @executable_path/Frameworks @loader_path/Frameworks";
				PRODUCT_NAME = "$(TARGET_NAME)";
				TEST_HOST = "$(BUILT_PRODUCTS_DIR)/Cat Years.app/Cat Years";
			};
			name = Debug;
		};
		A328F5A71AA5660D00ECA9BD /* Release */ = {
			isa = XCBuildConfiguration;
			buildSettings = {
				BUNDLE_LOADER = "$(TEST_HOST)";
				FRAMEWORK_SEARCH_PATHS = (
					"$(SDKROOT)/Developer/Library/Frameworks",
					"$(inherited)",
				);
				INFOPLIST_FILE = "Cat YearsTests/Info.plist";
				LD_RUNPATH_SEARCH_PATHS = "$(inherited) @executable_path/Frameworks @loader_path/Frameworks";
				PRODUCT_NAME = "$(TARGET_NAME)";
				TEST_HOST = "$(BUILT_PRODUCTS_DIR)/Cat Years.app/Cat Years";
			};
			name = Release;
		};
/* End XCBuildConfiguration section */

/* Begin XCConfigurationList section */
		A328F57E1AA5660C00ECA9BD /* Build configuration list for PBXProject "Cat Years" */ = {
			isa = XCConfigurationList;
			buildConfigurations = (
				A328F5A01AA5660D00ECA9BD /* Debug */,
				A328F5A11AA5660D00ECA9BD /* Release */,
			);
			defaultConfigurationIsVisible = 0;
			defaultConfigurationName = Release;
		};
		A328F5A21AA5660D00ECA9BD /* Build configuration list for PBXNativeTarget "Cat Years" */ = {
			isa = XCConfigurationList;
			buildConfigurations = (
				A328F5A31AA5660D00ECA9BD /* Debug */,
				A328F5A41AA5660D00ECA9BD /* Release */,
			);
			defaultConfigurationIsVisible = 0;
		};
		A328F5A51AA5660D00ECA9BD /* Build configuration list for PBXNativeTarget "Cat YearsTests" */ = {
			isa = XCConfigurationList;
			buildConfigurations = (
				A328F5A61AA5660D00ECA9BD /* Debug */,
				A328F5A71AA5660D00ECA9BD /* Release */,
			);
			defaultConfigurationIsVisible = 0;
		};
/* End XCConfigurationList section */
	};
	rootObject = A328F57B1AA5660C00ECA9BD /* Project object */;
}
